
Microsoft Visual Studio Solution File, Format Version 12.00
# Visual Studio 2015
Project("{FAE04EC0-301F-11D3-BF4B-00C04F79EFBC}") = "dungeonGen", "dungeonGen.csproj", "{75AB4F7C-FD92-7A59-041A-9F9204CC7C67}"
EndProject
Global
	GlobalSection(SolutionConfigurationPlatforms) = preSolution
		Debug|Any CPU = Debug|Any CPU
		Release|Any CPU = Release|Any CPU
	EndGlobalSection
	GlobalSection(ProjectConfigurationPlatforms) = postSolution
		{75AB4F7C-FD92-7A59-041A-9F9204CC7C67}.Debug|Any CPU.ActiveCfg = Debug|Any CPU
		{75AB4F7C-FD92-7A59-041A-9F9204CC7C67}.Debug|Any CPU.Build.0 = Debug|Any CPU
		{75AB4F7C-FD92-7A59-041A-9F9204CC7C67}.Release|Any CPU.ActiveCfg = Release|Any CPU
		{75AB4F7C-FD92-7A59-041A-9F9204CC7C67}.Release|Any CPU.Build.0 = Release|Any CPU
	EndGlobalSection
	GlobalSection(SolutionProperties) = preSolution
		HideSolutionNode = FALSE
	EndGlobalSection
EndGlobal
